
Microsoft Visual Studio Solution File, Format Version 12.00
# Visual Studio Express 2012 for Windows Desktop
Project("{FAE04EC0-301F-11D3-BF4B-00C04F79EFBC}") = "Project3", "Project3.csproj", "{718A1178-23C6-4BBE-8821-5EC81CD5E58E}"
EndProject
Global
	GlobalSection(SolutionConfigurationPlatforms) = preSolution
		Debug|Any CPU = Debug|Any CPU
		Release|Any CPU = Release|Any CPU
	EndGlobalSection
	GlobalSection(ProjectConfigurationPlatforms) = postSolution
		{718A1178-23C6-4BBE-8821-5EC81CD5E58E}.Debug|Any CPU.ActiveCfg = Debug|Any CPU
		{718A1178-23C6-4BBE-8821-5EC81CD5E58E}.Debug|Any CPU.Build.0 = Debug|Any CPU
		{718A1178-23C6-4BBE-8821-5EC81CD5E58E}.Release|Any CPU.ActiveCfg = Release|Any CPU
		{718A1178-23C6-4BBE-8821-5EC81CD5E58E}.Release|Any CPU.Build.0 = Release|Any CPU
	EndGlobalSection
	GlobalSection(SolutionProperties) = preSolution
		HideSolutionNode = FALSE
	EndGlobalSection
EndGlobal
